<?xml version="1.0" encoding="utf-8"?>
<Project ToolsVersion="4.0" xmlns="http://schemas.microsoft.com/developer/msbuild/2003">
  <ItemGroup>
    <Filter Include="Petard">
      <UniqueIdentifier>{A5A9E0C9-914B-0BA0-7A06-1FF4664792F0}</UniqueIdentifier>
    </Filter>
    <Filter Include="Petard\Events">
      <UniqueIdentifier>{E9694C75-552A-C8AB-1E65-11298AE40C88}</UniqueIdentifier>
    </Filter>
  </ItemGroup>
  <ItemGroup>
    <ClInclude Include="src\Petard.h" />
    <ClInclude Include="src\Petard\Application.h">
      <Filter>Petard</Filter>
    </ClInclude>
    <ClInclude Include="src\Petard\Core.h">
      <Filter>Petard</Filter>
    </ClInclude>
    <ClInclude Include="src\Petard\EntryPoint.h">
      <Filter>Petard</Filter>
    </ClInclude>
    <ClInclude Include="src\Petard\Events\ApplicationEvent.h">
      <Filter>Petard\Events</Filter>
    </ClInclude>
    <ClInclude Include="src\Petard\Events\Event.h">
      <Filter>Petard\Events</Filter>
    </ClInclude>
    <ClInclude Include="src\Petard\Events\KeyEvent.h">
      <Filter>Petard\Events</Filter>
    </ClInclude>
    <ClInclude Include="src\Petard\Events\MouseEvent.h">
      <Filter>Petard\Events</Filter>
    </ClInclude>
    <ClInclude Include="src\Petard\Log.h">
      <Filter>Petard</Filter>
    </ClInclude>
    <ClInclude Include="src\pdpch.h" />
  </ItemGroup>
  <ItemGroup>
    <ClCompile Include="src\Petard\Application.cpp">
      <Filter>Petard</Filter>
    </ClCompile>
    <ClCompile Include="src\Petard\Log.cpp">
      <Filter>Petard</Filter>
    </ClCompile>
    <ClCompile Include="src\pdpch.cpp" />
  </ItemGroup>
</Project>